{
  "version": 4,
  "terraform_version": "1.2.9",
  "serial": 116,
  "lineage": "18231448-76c1-b829-e58d-dcf58c3ab77f",
  "outputs": {
    "project_id": {
      "value": "jc-jupiter-23-dev",
      "type": "string"
    },
    "region": {
      "value": "us-central1",
      "type": "string"
    }
  },
  "resources": [
    {
      "module": "module.kubernetes",
      "mode": "managed",
      "type": "google_container_cluster",
      "name": "primary",
      "provider": "provider[\"registry.terraform.io/hashicorp/google\"]",
      "instances": [
        {
          "schema_version": 1,
          "attributes": {
            "addons_config": [
              {
                "cloudrun_config": [],
                "gcp_filestore_csi_driver_config": [],
                "horizontal_pod_autoscaling": [],
                "http_load_balancing": [],
                "network_policy_config": [
                  {
                    "disabled": true
                  }
                ]
              }
            ],
            "authenticator_groups_config": [],
            "cluster_autoscaling": [
              {
                "auto_provisioning_defaults": [],
                "enabled": false,
                "resource_limits": []
              }
            ],
            "cluster_ipv4_cidr": "10.100.0.0/14",
            "confidential_nodes": [],
            "database_encryption": [
              {
                "key_name": "",
                "state": "DECRYPTED"
              }
            ],
            "datapath_provider": "",
            "default_max_pods_per_node": null,
            "default_snat_status": [
              {
                "disabled": false
              }
            ],
            "description": "",
            "dns_config": [],
            "enable_autopilot": false,
            "enable_binary_authorization": false,
            "enable_intranode_visibility": false,
            "enable_kubernetes_alpha": false,
            "enable_legacy_abac": false,
            "enable_shielded_nodes": true,
            "enable_tpu": false,
            "endpoint": "34.173.94.183",
            "id": "projects/jc-jupiter-23-dev/locations/us-central1/clusters/jc-jupiter-23-dev-gke",
            "initial_node_count": 1,
            "ip_allocation_policy": [],
            "label_fingerprint": "a9dc16a7",
            "location": "us-central1",
            "logging_config": [
              {
                "enable_components": [
                  "SYSTEM_COMPONENTS",
                  "WORKLOADS"
                ]
              }
            ],
            "logging_service": "logging.googleapis.com/kubernetes",
            "maintenance_policy": [],
            "master_auth": [
              {
                "client_certificate": "",
                "client_certificate_config": [
                  {
                    "issue_client_certificate": false
                  }
                ],
                "client_key": "",
                "cluster_ca_certificate": "LS0tLS1CRUdJTiBDRVJUSUZJQ0FURS0tLS0tCk1JSUVMVENDQXBXZ0F3SUJBZ0lSQUpJUzBBV1MrdVBaNDFvT0YzaDA1Ykl3RFFZSktvWklodmNOQVFFTEJRQXcKTHpFdE1Dc0dBMVVFQXhNa1pEZ3pZVFF3TkdNdE1ESTNNaTAwTmpnd0xXRm1NVGN0WWpVeE56YzFaVGxsTjJKawpNQ0FYRFRJek1ERXpNREU1TXpBek5Wb1lEekl3TlRNd01USXlNakF6TURNMVdqQXZNUzB3S3dZRFZRUURFeVJrCk9ETmhOREEwWXkwd01qY3lMVFEyT0RBdFlXWXhOeTFpTlRFM056VmxPV1UzWW1Rd2dnR2lNQTBHQ1NxR1NJYjMKRFFFQkFRVUFBNElCandBd2dnR0tBb0lCZ1FDdkF1NlYrWVdtOEIxT1ZNNVBEU25MaGFaZ2lMVDRacTJxVTRhZgp4QWNaR2o2UGp6R1ZEcUROWDVkWUhaamxCOE80amtuYk1DeVBjMXlMdWtlU0FvT0lRUmhaSUZhQ0dIaUhFVkN3Cit3OFQ5YXdWblc3N2g2L2VoRURrZWpjQ0N0dTNNSlVPamFJdDN3TVBIeHYwRllxVWZKa2hjU2RwVVVXa05wbG0KekY1R3A0bmhjbEYwSXMrczBEeFJRS3BTYVU4MnZSRGpiUTkzM1NScko1WlY5NWFHNW1kQVp1ZkxsbVJOSVZQYQpjT0ZxUEtjUTA1WW9lQU02Vk5tMEFvcUxEbXUxalFmckxzVFZiajdVSFZlM1NQcTc0SkRWeEduaWU1SUpoR0sxCllMTDRXenB0cXZ0ZXVSemU2WWpMaFJsT2plZTF1WWdZVkJaTFlCU293bldLZHdpZlFGN0hzblVkRUdnSUtuRDYKTkNBTzdSV1l3ZGpQeUpiY3BsR29mMkRkeUdqOTVQYzFhL2FTU090SmJic29jOUpXU2h0NjN6SitlNGdscTZsMwpUeWNPVnBoK2Q3SXRWM2l3Z25IemN5RkpNdlo5YlFFcXVTeXVPWStGMnQrNXJJMGdNbUZSdTZSaFI1SWE4SThpClNsSVhlQlVaanhQaDFabHBjQ3lsSkxsOU5rc0NBd0VBQWFOQ01FQXdEZ1lEVlIwUEFRSC9CQVFEQWdJRU1BOEcKQTFVZEV3RUIvd1FGTUFNQkFmOHdIUVlEVlIwT0JCWUVGREpxaGlRM1R0Vzl6ZWMxbnFZclNyeFAyQktPTUEwRwpDU3FHU0liM0RRRUJDd1VBQTRJQmdRQWsvdnZ2TGxFcC9FckhyVTFra2pETWZ6ZXJiZDdvbzU3T2h2Nm1DQlNhCmVOaVpvWG1LYTB4c215UjFWL3ZQVzNVUlB1VVhRdkJmRHhxYXppSm9naXc5ZGNTeWFYOGdMSnV5UVZ4Z2ZSNFoKZUd6UzRoK0VtSkJ0REVvRXYyTDRxYlJ3STBsZU5oRHRjdmRpcTlvcUx4NWVsMEdPeDRjYndFS1ByWldPVXpXUQo0YmJ2UXRLUUFyRWJPRS93RjRvMWdsVE1kVnpFSnJCYTdzdndYa1BRVnhvYXZtN1B1Vm9XVUI1eGVwUVRJeW4yCjJUaktrazZ0R2VOWHFWcWFiQnpJbEpSWjFXZmlpZ0kvd2locmV3SDZMVWl5NWFwNURHL0R1a3JWRFJRSzU1QSsKR1hrKzkxeHJjYUxXUVJFeERSS3NBemhCaWNMRlZveVh5L1c4cE80NGY3Vk5DaFhLeWN3U21OK29KYTA5TUJuVgoxUEtEUXpiMnNuS2xmMmZoUUd1VC9DdW9BUzA0Tk5YUllIZXhxS3IvSktJazhwcmZhQ28wbWNELzlvZVpwaURsClZER2JpWjF3TmpFL1VOa2R0bXJIZXVyTGViaGs1emNXM0dtWloySzNjUTlSQkFNdE92dUxUTWhieXBWc0pUSUsKMEMzcloyaVNYNzQ0blpORWN6RS9VcUE9Ci0tLS0tRU5EIENFUlRJRklDQVRFLS0tLS0K"
              }
            ],
            "master_authorized_networks_config": [],
            "master_version": "1.24.8-gke.2000",
            "min_master_version": null,
            "monitoring_config": [
              {
                "enable_components": [
                  "SYSTEM_COMPONENTS"
                ]
              }
            ],
            "monitoring_service": "monitoring.googleapis.com/kubernetes",
            "name": "jc-jupiter-23-dev-gke",
            "network": "projects/jc-jupiter-23-dev/global/networks/jc-jupiter-23-dev-vpc",
            "network_policy": [
              {
                "enabled": false,
                "provider": "PROVIDER_UNSPECIFIED"
              }
            ],
            "networking_mode": "ROUTES",
            "node_config": [],
            "node_locations": [
              "us-central1-a",
              "us-central1-c",
              "us-central1-f"
            ],
            "node_pool": [],
            "node_version": "1.24.8-gke.2000",
            "operation": null,
            "private_cluster_config": [
              {
                "enable_private_endpoint": false,
                "enable_private_nodes": false,
                "master_global_access_config": [
                  {
                    "enabled": false
                  }
                ],
                "master_ipv4_cidr_block": "",
                "peering_name": "",
                "private_endpoint": "10.10.0.2",
                "public_endpoint": "34.173.94.183"
              }
            ],
            "private_ipv6_google_access": "",
            "project": "jc-jupiter-23-dev",
            "release_channel": [
              {
                "channel": "REGULAR"
              }
            ],
            "remove_default_node_pool": true,
            "resource_labels": null,
            "resource_usage_export_config": [],
            "self_link": "https://container.googleapis.com/v1/projects/jc-jupiter-23-dev/locations/us-central1/clusters/jc-jupiter-23-dev-gke",
            "services_ipv4_cidr": "10.103.240.0/20",
            "subnetwork": "projects/jc-jupiter-23-dev/regions/us-central1/subnetworks/jc-jupiter-23-dev-subnet",
            "timeouts": null,
            "tpu_ipv4_cidr_block": "",
            "vertical_pod_autoscaling": [],
            "workload_identity_config": []
          },
          "sensitive_attributes": [],
          "private": "eyJlMmJmYjczMC1lY2FhLTExZTYtOGY4OC0zNDM2M2JjN2M0YzAiOnsiY3JlYXRlIjoyNDAwMDAwMDAwMDAwLCJkZWxldGUiOjI0MDAwMDAwMDAwMDAsInJlYWQiOjI0MDAwMDAwMDAwMDAsInVwZGF0ZSI6MzYwMDAwMDAwMDAwMH0sInNjaGVtYV92ZXJzaW9uIjoiMSJ9"
        }
      ]
    },
    {
      "module": "module.kubernetes",
      "mode": "managed",
      "type": "google_container_node_pool",
      "name": "primary_nodes",
      "provider": "provider[\"registry.terraform.io/hashicorp/google\"]",
      "instances": [
        {
          "schema_version": 1,
          "attributes": {
            "autoscaling": [],
            "cluster": "jc-jupiter-23-dev-gke",
            "id": "projects/jc-jupiter-23-dev/locations/us-central1/clusters/jc-jupiter-23-dev-gke/nodePools/jc-jupiter-23-dev-gke",
            "initial_node_count": 1,
            "instance_group_urls": [
              "https://www.googleapis.com/compute/v1/projects/jc-jupiter-23-dev/zones/us-central1-a/instanceGroupManagers/gke-jc-jupiter-23-de-jc-jupiter-23-de-28d578fd-grp",
              "https://www.googleapis.com/compute/v1/projects/jc-jupiter-23-dev/zones/us-central1-c/instanceGroupManagers/gke-jc-jupiter-23-de-jc-jupiter-23-de-2cbac941-grp",
              "https://www.googleapis.com/compute/v1/projects/jc-jupiter-23-dev/zones/us-central1-f/instanceGroupManagers/gke-jc-jupiter-23-de-jc-jupiter-23-de-169bdfc3-grp"
            ],
            "location": "us-central1",
            "managed_instance_group_urls": [
              "https://www.googleapis.com/compute/v1/projects/jc-jupiter-23-dev/zones/us-central1-a/instanceGroups/gke-jc-jupiter-23-de-jc-jupiter-23-de-28d578fd-grp",
              "https://www.googleapis.com/compute/v1/projects/jc-jupiter-23-dev/zones/us-central1-c/instanceGroups/gke-jc-jupiter-23-de-jc-jupiter-23-de-2cbac941-grp",
              "https://www.googleapis.com/compute/v1/projects/jc-jupiter-23-dev/zones/us-central1-f/instanceGroups/gke-jc-jupiter-23-de-jc-jupiter-23-de-169bdfc3-grp"
            ],
            "management": [
              {
                "auto_repair": true,
                "auto_upgrade": true
              }
            ],
            "max_pods_per_node": null,
            "name": "jc-jupiter-23-dev-gke",
            "name_prefix": "",
            "node_config": [
              {
                "boot_disk_kms_key": "",
                "disk_size_gb": 100,
                "disk_type": "pd-balanced",
                "gcfs_config": [],
                "guest_accelerator": [],
                "gvnic": [],
                "image_type": "COS_CONTAINERD",
                "labels": {
                  "env": "jc-jupiter-23-dev"
                },
                "local_ssd_count": 0,
                "machine_type": "n1-standard-1",
                "metadata": {
                  "disable-legacy-endpoints": "true"
                },
                "min_cpu_platform": "",
                "node_group": "",
                "oauth_scopes": [
                  "https://www.googleapis.com/auth/logging.write",
                  "https://www.googleapis.com/auth/monitoring"
                ],
                "preemptible": false,
                "service_account": "default",
                "shielded_instance_config": [
                  {
                    "enable_integrity_monitoring": true,
                    "enable_secure_boot": false
                  }
                ],
                "spot": false,
                "tags": [
                  "gke-node",
                  "jc-jupiter-23-dev-gke"
                ],
                "taint": [],
                "workload_metadata_config": []
              }
            ],
            "node_count": 1,
            "node_locations": [
              "us-central1-a",
              "us-central1-c",
              "us-central1-f"
            ],
            "operation": null,
            "project": "jc-jupiter-23-dev",
            "timeouts": null,
            "upgrade_settings": [
              {
                "max_surge": 1,
                "max_unavailable": 0
              }
            ],
            "version": "1.24.8-gke.2000"
          },
          "sensitive_attributes": [],
          "private": "eyJlMmJmYjczMC1lY2FhLTExZTYtOGY4OC0zNDM2M2JjN2M0YzAiOnsiY3JlYXRlIjoxODAwMDAwMDAwMDAwLCJkZWxldGUiOjE4MDAwMDAwMDAwMDAsInVwZGF0ZSI6MTgwMDAwMDAwMDAwMH0sInNjaGVtYV92ZXJzaW9uIjoiMSJ9",
          "dependencies": [
            "module.kubernetes.google_container_cluster.primary"
          ]
        }
      ]
    },
    {
      "module": "module.vpc",
      "mode": "managed",
      "type": "google_compute_network",
      "name": "vpc",
      "provider": "module.vpc.provider[\"registry.terraform.io/hashicorp/google\"]",
      "instances": [
        {
          "schema_version": 0,
          "attributes": {
            "auto_create_subnetworks": false,
            "delete_default_routes_on_create": false,
            "description": "",
            "enable_ula_internal_ipv6": false,
            "gateway_ipv4": "",
            "id": "projects/jc-jupiter-23-dev/global/networks/jc-jupiter-23-dev-vpc",
            "internal_ipv6_range": "",
            "mtu": 0,
            "name": "jc-jupiter-23-dev-vpc",
            "project": "jc-jupiter-23-dev",
            "routing_mode": "REGIONAL",
            "self_link": "https://www.googleapis.com/compute/v1/projects/jc-jupiter-23-dev/global/networks/jc-jupiter-23-dev-vpc",
            "timeouts": null
          },
          "sensitive_attributes": [],
          "private": "eyJlMmJmYjczMC1lY2FhLTExZTYtOGY4OC0zNDM2M2JjN2M0YzAiOnsiY3JlYXRlIjoxMjAwMDAwMDAwMDAwLCJkZWxldGUiOjEyMDAwMDAwMDAwMDAsInVwZGF0ZSI6MTIwMDAwMDAwMDAwMH19"
        }
      ]
    },
    {
      "module": "module.vpc",
      "mode": "managed",
      "type": "google_compute_subnetwork",
      "name": "subnet",
      "provider": "module.vpc.provider[\"registry.terraform.io/hashicorp/google\"]",
      "instances": [
        {
          "schema_version": 0,
          "attributes": {
            "creation_timestamp": "2023-01-30T12:26:00.118-08:00",
            "description": "",
            "external_ipv6_prefix": "",
            "fingerprint": null,
            "gateway_address": "10.10.0.1",
            "id": "projects/jc-jupiter-23-dev/regions/us-central1/subnetworks/jc-jupiter-23-dev-subnet",
            "ip_cidr_range": "10.10.0.0/24",
            "ipv6_access_type": "",
            "ipv6_cidr_range": "",
            "log_config": [],
            "name": "jc-jupiter-23-dev-subnet",
            "network": "https://www.googleapis.com/compute/v1/projects/jc-jupiter-23-dev/global/networks/jc-jupiter-23-dev-vpc",
            "private_ip_google_access": false,
            "private_ipv6_google_access": "DISABLE_GOOGLE_ACCESS",
            "project": "jc-jupiter-23-dev",
            "purpose": "PRIVATE",
            "region": "us-central1",
            "role": "",
            "secondary_ip_range": [],
            "self_link": "https://www.googleapis.com/compute/v1/projects/jc-jupiter-23-dev/regions/us-central1/subnetworks/jc-jupiter-23-dev-subnet",
            "stack_type": "IPV4_ONLY",
            "timeouts": null
          },
          "sensitive_attributes": [],
          "private": "eyJlMmJmYjczMC1lY2FhLTExZTYtOGY4OC0zNDM2M2JjN2M0YzAiOnsiY3JlYXRlIjoxMjAwMDAwMDAwMDAwLCJkZWxldGUiOjEyMDAwMDAwMDAwMDAsInVwZGF0ZSI6MTIwMDAwMDAwMDAwMH19",
          "dependencies": [
            "module.vpc.google_compute_network.vpc"
          ]
        }
      ]
    }
  ]
}
